
Microsoft Visual Studio Solution File, Format Version 12.00
# Visual Studio Version 16
VisualStudioVersion = 16.0.31205.134
MinimumVisualStudioVersion = 10.0.40219.1
Project("{FAE04EC0-301F-11D3-BF4B-00C04F79EFBC}") = "PicViewer", "PicViewer.csproj", "{9303D9F0-4F9E-444F-ADB5-344D8E6BD626}"
EndProject
Global
	GlobalSection(SolutionConfigurationPlatforms) = preSolution
		Debug|Any CPU = Debug|Any CPU
		Release|Any CPU = Release|Any CPU
	EndGlobalSection
	GlobalSection(ProjectConfigurationPlatforms) = postSolution
		{9303D9F0-4F9E-444F-ADB5-344D8E6BD626}.Debug|Any CPU.ActiveCfg = Debug|Any CPU
		{9303D9F0-4F9E-444F-ADB5-344D8E6BD626}.Debug|Any CPU.Build.0 = Debug|Any CPU
		{9303D9F0-4F9E-444F-ADB5-344D8E6BD626}.Release|Any CPU.ActiveCfg = Release|Any CPU
		{9303D9F0-4F9E-444F-ADB5-344D8E6BD626}.Release|Any CPU.Build.0 = Release|Any CPU
	EndGlobalSection
	GlobalSection(SolutionProperties) = preSolution
		HideSolutionNode = FALSE
	EndGlobalSection
	GlobalSection(ExtensibilityGlobals) = postSolution
		SolutionGuid = {56112F3B-F73D-4D36-AEF6-5C7022FC08B5}
	EndGlobalSection
EndGlobal
